# THIS IS AN AUTOGENERATED FILE. DO NOT EDIT THIS FILE DIRECTLY.
# yarn lockfile v1


"@actions/core@^1.10.0":
  version "1.10.0"
  resolved "https://registry.yarnpkg.com/@actions/core/-/core-1.10.0.tgz#44551c3c71163949a2f06e94d9ca2157a0cfac4f"
  integrity sha512-2aZDDa3zrrZbP5ZYg159sNoLRb61nQ7awl5pSvIq5Qpj81vwDzdMRKzkWJGJuwVvWpvZKx7vspJALyvaaIQyug==
  dependencies:
    "@actions/http-client" "^2.0.1"
    uuid "^8.3.2"

"@actions/http-client@^2.0.1":
  version "2.0.1"
  resolved "https://registry.npmjs.org/@actions/http-client/-/http-client-2.0.1.tgz"
  integrity sha512-PIXiMVtz6VvyaRsGY268qvj57hXQEpsYogYOu2nrQhlf+XCGmZstmuZBbAybUl1nQGnvS1k1eEsQ69ZoD7xlSw==
  dependencies:
    tunnel "^0.0.6"

"@zeit/ncc@^0.20.5":
  version "0.20.5"
  resolved "https://registry.npmjs.org/@zeit/ncc/-/ncc-0.20.5.tgz"
  integrity sha512-XU6uzwvv95DqxciQx+aOLhbyBx/13ky+RK1y88Age9Du3BlA4mMPCy13BGjayOrrumOzlq1XV3SD/BWiZENXlw==

tunnel@^0.0.6:
  version "0.0.6"
  resolved "https://registry.npmjs.org/tunnel/-/tunnel-0.0.6.tgz"
  integrity sha512-1h/Lnq9yajKY2PEbBadPXj3VxsDDu844OnaAo52UVmIzIvwwtBPIuNvkjuzBlTWpfJyUbG3ez0KSBibQkj4ojg==

uuid@^8.3.2:
  version "8.3.2"
  resolved "https://registry.npmjs.org/uuid/-/uuid-8.3.2.tgz"
  integrity sha512-+NYs2QeMWy+GWFOEm9xnn6HCDp0l7QBD7ml8zLUmJ+93Q5NF0NocErnwkTkXVFNiX3/fpC6afS8Dhb/gz7R7eg==
